
Microsoft Visual Studio Solution File, Format Version 12.00
# Visual Studio Version 17
VisualStudioVersion = 17.7.34221.43
MinimumVisualStudioVersion = 10.0.40219.1
Project("{FAE04EC0-301F-11D3-BF4B-00C04F79EFBC}") = "VRMS-MD", "VRMS-MD.csproj", "{012C02EB-6E45-4FAC-BA26-B43525CDBF57}"
EndProject
Project("{9A19103F-16F7-4668-BE54-9A1E7A4F7556}") = "VRMS-3Layers", "..\..\VRMS_3layers\VRMS-3Layers\VRMS-3Layers.csproj", "{1C5953DF-578A-4903-B6B5-F950C16BDAF9}"
EndProject
Global
	GlobalSection(SolutionConfigurationPlatforms) = preSolution
		Debug|Any CPU = Debug|Any CPU
		Release|Any CPU = Release|Any CPU
	EndGlobalSection
	GlobalSection(ProjectConfigurationPlatforms) = postSolution
		{012C02EB-6E45-4FAC-BA26-B43525CDBF57}.Debug|Any CPU.ActiveCfg = Debug|Any CPU
		{012C02EB-6E45-4FAC-BA26-B43525CDBF57}.Debug|Any CPU.Build.0 = Debug|Any CPU
		{012C02EB-6E45-4FAC-BA26-B43525CDBF57}.Release|Any CPU.ActiveCfg = Release|Any CPU
		{012C02EB-6E45-4FAC-BA26-B43525CDBF57}.Release|Any CPU.Build.0 = Release|Any CPU
		{1C5953DF-578A-4903-B6B5-F950C16BDAF9}.Debug|Any CPU.ActiveCfg = Debug|Any CPU
		{1C5953DF-578A-4903-B6B5-F950C16BDAF9}.Debug|Any CPU.Build.0 = Debug|Any CPU
		{1C5953DF-578A-4903-B6B5-F950C16BDAF9}.Release|Any CPU.ActiveCfg = Release|Any CPU
		{1C5953DF-578A-4903-B6B5-F950C16BDAF9}.Release|Any CPU.Build.0 = Release|Any CPU
	EndGlobalSection
	GlobalSection(SolutionProperties) = preSolution
		HideSolutionNode = FALSE
	EndGlobalSection
	GlobalSection(ExtensibilityGlobals) = postSolution
		SolutionGuid = {417A44BB-E547-4721-AD7F-9D6AD4012034}
	EndGlobalSection
EndGlobal
